
Microsoft Visual Studio Solution File, Format Version 12.00
# Visual Studio 15
VisualStudioVersion = 15.0.28307.271
MinimumVisualStudioVersion = 10.0.40219.1
Project("{FAE04EC0-301F-11D3-BF4B-00C04F79EFBC}") = "HGB.Google.Test", "Google\HGB.Google.Test\HGB.Google.Test.csproj", "{19CDA1CE-67E2-4048-9F62-DE56D1A197C5}"
EndProject
Global
	GlobalSection(SolutionConfigurationPlatforms) = preSolution
		Debug|Any CPU = Debug|Any CPU
		Release|Any CPU = Release|Any CPU
	EndGlobalSection
	GlobalSection(ProjectConfigurationPlatforms) = postSolution
		{19CDA1CE-67E2-4048-9F62-DE56D1A197C5}.Debug|Any CPU.ActiveCfg = Debug|Any CPU
		{19CDA1CE-67E2-4048-9F62-DE56D1A197C5}.Debug|Any CPU.Build.0 = Debug|Any CPU
		{19CDA1CE-67E2-4048-9F62-DE56D1A197C5}.Release|Any CPU.ActiveCfg = Release|Any CPU
		{19CDA1CE-67E2-4048-9F62-DE56D1A197C5}.Release|Any CPU.Build.0 = Release|Any CPU
	EndGlobalSection
	GlobalSection(SolutionProperties) = preSolution
		HideSolutionNode = FALSE
	EndGlobalSection
	GlobalSection(ExtensibilityGlobals) = postSolution
		SolutionGuid = {68F756C5-6B33-4830-93EC-D6BDD5239600}
	EndGlobalSection
EndGlobal
